
Microsoft Visual Studio Solution File, Format Version 12.00
# Visual Studio Version 17
VisualStudioVersion = 17.7.34009.444
MinimumVisualStudioVersion = 10.0.40219.1
Project("{FAE04EC0-301F-11D3-BF4B-00C04F79EFBC}") = "StackImplementation", "StackImplementation\StackImplementation.csproj", "{09D028E1-E8B3-42E4-97C5-D852305C0C1E}"
EndProject
Global
	GlobalSection(SolutionConfigurationPlatforms) = preSolution
		Debug|Any CPU = Debug|Any CPU
		Release|Any CPU = Release|Any CPU
	EndGlobalSection
	GlobalSection(ProjectConfigurationPlatforms) = postSolution
		{09D028E1-E8B3-42E4-97C5-D852305C0C1E}.Debug|Any CPU.ActiveCfg = Debug|Any CPU
		{09D028E1-E8B3-42E4-97C5-D852305C0C1E}.Debug|Any CPU.Build.0 = Debug|Any CPU
		{09D028E1-E8B3-42E4-97C5-D852305C0C1E}.Release|Any CPU.ActiveCfg = Release|Any CPU
		{09D028E1-E8B3-42E4-97C5-D852305C0C1E}.Release|Any CPU.Build.0 = Release|Any CPU
	EndGlobalSection
	GlobalSection(SolutionProperties) = preSolution
		HideSolutionNode = FALSE
	EndGlobalSection
	GlobalSection(ExtensibilityGlobals) = postSolution
		SolutionGuid = {51C1EBDC-4886-4C28-9F53-A1E494510FBF}
	EndGlobalSection
EndGlobal
