
Microsoft Visual Studio Solution File, Format Version 12.00
# Visual Studio Version 17
VisualStudioVersion = 17.7.34009.444
MinimumVisualStudioVersion = 10.0.40219.1
Project("{FAE04EC0-301F-11D3-BF4B-00C04F79EFBC}") = "EndlessCycleLinkedList", "EndlessCycleLinkedList\EndlessCycleLinkedList.csproj", "{30822742-C65A-4972-84CC-F723AA0F4CEC}"
EndProject
Global
	GlobalSection(SolutionConfigurationPlatforms) = preSolution
		Debug|Any CPU = Debug|Any CPU
		Release|Any CPU = Release|Any CPU
	EndGlobalSection
	GlobalSection(ProjectConfigurationPlatforms) = postSolution
		{30822742-C65A-4972-84CC-F723AA0F4CEC}.Debug|Any CPU.ActiveCfg = Debug|Any CPU
		{30822742-C65A-4972-84CC-F723AA0F4CEC}.Debug|Any CPU.Build.0 = Debug|Any CPU
		{30822742-C65A-4972-84CC-F723AA0F4CEC}.Release|Any CPU.ActiveCfg = Release|Any CPU
		{30822742-C65A-4972-84CC-F723AA0F4CEC}.Release|Any CPU.Build.0 = Release|Any CPU
	EndGlobalSection
	GlobalSection(SolutionProperties) = preSolution
		HideSolutionNode = FALSE
	EndGlobalSection
	GlobalSection(ExtensibilityGlobals) = postSolution
		SolutionGuid = {8FF0AFAA-5BA2-48ED-B4D8-4886E13A8E71}
	EndGlobalSection
EndGlobal
